<?xml version="1.0" encoding="utf-8"?>
<Project ToolsVersion="4.0" xmlns="http://schemas.microsoft.com/developer/msbuild/2003">
  <ItemGroup>
    <Filter Include="源文件">
      <UniqueIdentifier>{4FC737F1-C7A5-4376-A066-2A32D752A2FF}</UniqueIdentifier>
      <Extensions>cpp;c;cc;cxx;def;odl;idl;hpj;bat;asm;asmx</Extensions>
    </Filter>
    <Filter Include="头文件">
      <UniqueIdentifier>{93995380-89BD-4b04-88EB-625FBE52EBFB}</UniqueIdentifier>
      <Extensions>h;hh;hpp;hxx;hm;inl;inc;xsd</Extensions>
    </Filter>
    <Filter Include="资源文件">
      <UniqueIdentifier>{67DA6AB6-F800-4c08-8B7A-83BB121AAD01}</UniqueIdentifier>
      <Extensions>rc;ico;cur;bmp;dlg;rc2;rct;bin;rgs;gif;jpg;jpeg;jpe;resx;tiff;tif;png;wav;mfcribbon-ms</Extensions>
    </Filter>
    <Filter Include="源文件\hurricane">
      <UniqueIdentifier>{ffe24b97-de3b-47ca-ab42-2f816437398e}</UniqueIdentifier>
    </Filter>
    <Filter Include="源文件\hurricane\base">
      <UniqueIdentifier>{199d07a0-bb3d-4b59-8e61-5de4b9d41fbb}</UniqueIdentifier>
    </Filter>
    <Filter Include="源文件\hurricane\message">
      <UniqueIdentifier>{09005c13-5d7c-484b-b00d-a501b5f2c1b0}</UniqueIdentifier>
    </Filter>
    <Filter Include="源文件\hurricane\util">
      <UniqueIdentifier>{1151322a-3d97-4ecb-96d3-c44b078d74cb}</UniqueIdentifier>
    </Filter>
    <Filter Include="头文件\hurricane">
      <UniqueIdentifier>{fb611766-ef59-4ff8-ae64-4ea489cfaeac}</UniqueIdentifier>
    </Filter>
    <Filter Include="头文件\hurricane\base">
      <UniqueIdentifier>{98820893-8530-45fa-b3bd-91d692c01c2f}</UniqueIdentifier>
    </Filter>
    <Filter Include="头文件\hurricane\message">
      <UniqueIdentifier>{68c7eba0-de2e-49bb-a6d2-9a14028b8b09}</UniqueIdentifier>
    </Filter>
    <Filter Include="头文件\hurricane\util">
      <UniqueIdentifier>{ee45ab63-07e8-4c35-b620-d5952a27925b}</UniqueIdentifier>
    </Filter>
    <Filter Include="头文件\hurricane\service">
      <UniqueIdentifier>{0299d7fa-d962-420a-ab54-f134589d4ca8}</UniqueIdentifier>
    </Filter>
    <Filter Include="源文件\hurricane\service">
      <UniqueIdentifier>{3428b634-33f6-47d4-9e98-96b7f42f1cdc}</UniqueIdentifier>
    </Filter>
    <Filter Include="源文件\hurricane\tool">
      <UniqueIdentifier>{52b08f0d-35e5-48a0-9785-b9cd64c569b9}</UniqueIdentifier>
    </Filter>
    <Filter Include="头文件\sample">
      <UniqueIdentifier>{b3b88421-40c6-49d2-aaf8-6115ad1959d4}</UniqueIdentifier>
    </Filter>
    <Filter Include="头文件\sample\wordcount">
      <UniqueIdentifier>{59cd36ce-74ab-4358-92cd-f7100273953e}</UniqueIdentifier>
    </Filter>
    <Filter Include="源文件\sample">
      <UniqueIdentifier>{9260776c-b3a2-4f82-b411-9e44fbf4b4b0}</UniqueIdentifier>
    </Filter>
    <Filter Include="源文件\sample\wordcount">
      <UniqueIdentifier>{dbcdca99-c194-491a-a292-f8324313b6b4}</UniqueIdentifier>
    </Filter>
    <Filter Include="源文件\hurricane\collector">
      <UniqueIdentifier>{9fc23f85-64cb-45c9-b42e-834064979719}</UniqueIdentifier>
    </Filter>
    <Filter Include="源文件\hurricane\bolt">
      <UniqueIdentifier>{55fe557c-155f-4e7c-978e-d1eb2ce2f57b}</UniqueIdentifier>
    </Filter>
    <Filter Include="源文件\hurricane\spout">
      <UniqueIdentifier>{5f204b6a-131d-471e-9708-bdb32cd28adc}</UniqueIdentifier>
    </Filter>
    <Filter Include="源文件\hurricane\task">
      <UniqueIdentifier>{349da14a-0a4c-4882-92a8-10d77c8106b5}</UniqueIdentifier>
    </Filter>
    <Filter Include="源文件\hurricane\topology">
      <UniqueIdentifier>{544a6286-18be-481a-8977-218e859a691d}</UniqueIdentifier>
    </Filter>
  </ItemGroup>
  <ItemGroup>
    <ClCompile Include="..\..\..\src\hurricane\base\DataPackage.cpp">
      <Filter>源文件\hurricane\base</Filter>
    </ClCompile>
    <ClCompile Include="..\..\..\src\hurricane\util\NetConnector.cpp">
      <Filter>源文件\hurricane\util</Filter>
    </ClCompile>
    <ClCompile Include="..\..\..\src\hurricane\util\NetListener.cpp">
      <Filter>源文件\hurricane\util</Filter>
    </ClCompile>
    <ClCompile Include="..\..\..\src\hurricane\util\StringUtil.cpp">
      <Filter>源文件\hurricane\util</Filter>
    </ClCompile>
    <ClCompile Include="..\..\..\src\hurricane\util\Socket.cpp">
      <Filter>源文件\hurricane\util</Filter>
    </ClCompile>
    <ClCompile Include="..\..\..\src\hurricane\message\Command.cpp">
      <Filter>源文件\hurricane\message</Filter>
    </ClCompile>
    <ClCompile Include="..\..\..\src\hurricane\message\CommandClient.cpp">
      <Filter>源文件\hurricane\message</Filter>
    </ClCompile>
    <ClCompile Include="..\..\..\src\hurricane\message\CommandServer.cpp">
      <Filter>源文件\hurricane\message</Filter>
    </ClCompile>
    <ClCompile Include="..\..\..\src\hurricane\service\Nimbus.cpp">
      <Filter>源文件\hurricane\service</Filter>
    </ClCompile>
    <ClCompile Include="..\..\..\src\hurricane\service\Supervisor.cpp">
      <Filter>源文件\hurricane\service</Filter>
    </ClCompile>
    <ClCompile Include="..\..\..\src\hurricane\tool\StartNimbus.cpp">
      <Filter>源文件\hurricane\tool</Filter>
    </ClCompile>
    <ClCompile Include="..\..\..\src\hurricane\util\Configuration.cpp">
      <Filter>源文件\hurricane\util</Filter>
    </ClCompile>
    <ClCompile Include="..\..\..\src\hurricane\service\SupervisorContext.cpp">
      <Filter>源文件\hurricane\service</Filter>
    </ClCompile>
    <ClCompile Include="..\..\..\src\sample\wordcount\HelloWorldSpout.cpp">
      <Filter>源文件\sample\wordcount</Filter>
    </ClCompile>
    <ClCompile Include="..\..\..\src\sample\wordcount\SplitSentenceBolt.cpp">
      <Filter>源文件\sample\wordcount</Filter>
    </ClCompile>
    <ClCompile Include="..\..\..\src\sample\wordcount\WordCountBolt.cpp">
      <Filter>源文件\sample\wordcount</Filter>
    </ClCompile>
    <ClCompile Include="..\..\..\src\sample\wordcount\WordCountTopology.cpp">
      <Filter>源文件\sample\wordcount</Filter>
    </ClCompile>
    <ClCompile Include="..\..\..\src\hurricane\collector\OutputCollector.cpp">
      <Filter>源文件\hurricane\collector</Filter>
    </ClCompile>
    <ClCompile Include="..\..\..\src\hurricane\bolt\BoltDeclarer.cpp">
      <Filter>源文件\hurricane\bolt</Filter>
    </ClCompile>
    <ClCompile Include="..\..\..\src\hurricane\task\TaskDeclarer.cpp">
      <Filter>源文件\hurricane\task</Filter>
    </ClCompile>
    <ClCompile Include="..\..\..\src\hurricane\spout\SpoutDeclarer.cpp">
      <Filter>源文件\hurricane\spout</Filter>
    </ClCompile>
    <ClCompile Include="..\..\..\src\hurricane\topology\Topology.cpp">
      <Filter>源文件\hurricane\topology</Filter>
    </ClCompile>
    <ClCompile Include="..\..\..\src\hurricane\topology\TopologyLoader.cpp">
      <Filter>源文件\hurricane\topology</Filter>
    </ClCompile>
  </ItemGroup>
  <ItemGroup>
    <ClInclude Include="..\..\..\include\hurricane\base\ByteArray.h">
      <Filter>头文件\hurricane\base</Filter>
    </ClInclude>
    <ClInclude Include="..\..\..\include\hurricane\base\DataPackage.h">
      <Filter>头文件\hurricane\base</Filter>
    </ClInclude>
    <ClInclude Include="..\..\..\include\hurricane\base\NetAddress.h">
      <Filter>头文件\hurricane\base</Filter>
    </ClInclude>
    <ClInclude Include="..\..\..\include\hurricane\base\Values.h">
      <Filter>头文件\hurricane\base</Filter>
    </ClInclude>
    <ClInclude Include="..\..\..\include\hurricane\base\Variant.h">
      <Filter>头文件\hurricane\base</Filter>
    </ClInclude>
    <ClInclude Include="..\..\..\include\hurricane\message\Message.h">
      <Filter>头文件\hurricane\message</Filter>
    </ClInclude>
    <ClInclude Include="..\..\..\include\hurricane\util\NetConnector.h">
      <Filter>头文件\hurricane\util</Filter>
    </ClInclude>
    <ClInclude Include="..\..\..\include\hurricane\util\NetListener.h">
      <Filter>头文件\hurricane\util</Filter>
    </ClInclude>
    <ClInclude Include="..\..\..\include\hurricane\util\Socket.h">
      <Filter>头文件\hurricane\util</Filter>
    </ClInclude>
    <ClInclude Include="..\..\..\include\hurricane\util\StringUtil.h">
      <Filter>头文件\hurricane\util</Filter>
    </ClInclude>
    <ClInclude Include="..\..\..\include\hurricane\message\Command.h">
      <Filter>头文件\hurricane\message</Filter>
    </ClInclude>
    <ClInclude Include="..\..\..\include\hurricane\message\CommandClient.h">
      <Filter>头文件\hurricane\message</Filter>
    </ClInclude>
    <ClInclude Include="..\..\..\include\hurricane\message\CommandServer.h">
      <Filter>头文件\hurricane\message</Filter>
    </ClInclude>
    <ClInclude Include="..\..\..\include\hurricane\service\Nimbus.h">
      <Filter>头文件\hurricane\service</Filter>
    </ClInclude>
    <ClInclude Include="..\..\..\include\hurricane\service\Supervisor.h">
      <Filter>头文件\hurricane\service</Filter>
    </ClInclude>
    <ClInclude Include="..\..\..\include\hurricane\util\Configuration.h">
      <Filter>头文件\hurricane\util</Filter>
    </ClInclude>
    <ClInclude Include="..\..\..\include\sample\wordcount\HelloWorldSpout.h">
      <Filter>头文件\sample\wordcount</Filter>
    </ClInclude>
    <ClInclude Include="..\..\..\include\sample\wordcount\SplitSentenceBolt.h">
      <Filter>头文件\sample\wordcount</Filter>
    </ClInclude>
    <ClInclude Include="..\..\..\include\sample\wordcount\WordCountBolt.h">
      <Filter>头文件\sample\wordcount</Filter>
    </ClInclude>
    <ClInclude Include="..\..\..\include\sample\wordcount\WordCountTopology.h">
      <Filter>头文件\sample\wordcount</Filter>
    </ClInclude>
  </ItemGroup>
</Project>